// !$*UTF8*$!
{
	archiveVersion = 1;
	classes = {
	};
	objectVersion = 56;
	objects = {

/* Begin PBXBuildFile section */
		DA2EB27E2A6F9C96002D2619 /* FriendFaceApp.swift in Sources */ = {isa = PBXBuildFile; fileRef = DA2EB27D2A6F9C96002D2619 /* FriendFaceApp.swift */; };
		DA2EB2802A6F9C96002D2619 /* ContentView.swift in Sources */ = {isa = PBXBuildFile; fileRef = DA2EB27F2A6F9C96002D2619 /* ContentView.swift */; };
		DA2EB2822A6F9C97002D2619 /* Assets.xcassets in Resources */ = {isa = PBXBuildFile; fileRef = DA2EB2812A6F9C97002D2619 /* Assets.xcassets */; };
		DA2EB2852A6F9C97002D2619 /* Preview Assets.xcassets in Resources */ = {isa = PBXBuildFile; fileRef = DA2EB2842A6F9C97002D2619 /* Preview Assets.xcassets */; };
		DA2EB28E2A6F9DC7002D2619 /* UserInformation.swift in Sources */ = {isa = PBXBuildFile; fileRef = DA2EB28D2A6F9DC7002D2619 /* UserInformation.swift */; };
		DA2EB2902A6FA302002D2619 /* FriendList.swift in Sources */ = {isa = PBXBuildFile; fileRef = DA2EB28F2A6FA302002D2619 /* FriendList.swift */; };
		DA2EB2922A6FA497002D2619 /* UserView.swift in Sources */ = {isa = PBXBuildFile; fileRef = DA2EB2912A6FA497002D2619 /* UserView.swift */; };
		DA2EB2952A6FA727002D2619 /* FriendFace.xcdatamodeld in Sources */ = {isa = PBXBuildFile; fileRef = DA2EB2932A6FA727002D2619 /* FriendFace.xcdatamodeld */; };
		DA2EB29A2A6FA917002D2619 /* CachedFriend+CoreDataClass.swift in Sources */ = {isa = PBXBuildFile; fileRef = DA2EB2962A6FA917002D2619 /* CachedFriend+CoreDataClass.swift */; };
		DA2EB29B2A6FA917002D2619 /* CachedFriend+CoreDataProperties.swift in Sources */ = {isa = PBXBuildFile; fileRef = DA2EB2972A6FA917002D2619 /* CachedFriend+CoreDataProperties.swift */; };
		DA2EB29C2A6FA917002D2619 /* CachedUser+CoreDataClass.swift in Sources */ = {isa = PBXBuildFile; fileRef = DA2EB2982A6FA917002D2619 /* CachedUser+CoreDataClass.swift */; };
		DA2EB29D2A6FA917002D2619 /* CachedUser+CoreDataProperties.swift in Sources */ = {isa = PBXBuildFile; fileRef = DA2EB2992A6FA917002D2619 /* CachedUser+CoreDataProperties.swift */; };
		DA2EB29F2A6FADDB002D2619 /* DataController.swift in Sources */ = {isa = PBXBuildFile; fileRef = DA2EB29E2A6FADDB002D2619 /* DataController.swift */; };
/* End PBXBuildFile section */

/* Begin PBXFileReference section */
		DA2EB27A2A6F9C96002D2619 /* FriendFace.app */ = {isa = PBXFileReference; explicitFileType = wrapper.application; includeInIndex = 0; path = FriendFace.app; sourceTree = BUILT_PRODUCTS_DIR; };
		DA2EB27D2A6F9C96002D2619 /* FriendFaceApp.swift */ = {isa = PBXFileReference; lastKnownFileType = sourcecode.swift; path = FriendFaceApp.swift; sourceTree = "<group>"; };
		DA2EB27F2A6F9C96002D2619 /* ContentView.swift */ = {isa = PBXFileReference; lastKnownFileType = sourcecode.swift; path = ContentView.swift; sourceTree = "<group>"; };
		DA2EB2812A6F9C97002D2619 /* Assets.xcassets */ = {isa = PBXFileReference; lastKnownFileType = folder.assetcatalog; path = Assets.xcassets; sourceTree = "<group>"; };
		DA2EB2842A6F9C97002D2619 /* Preview Assets.xcassets */ = {isa = PBXFileReference; lastKnownFileType = folder.assetcatalog; path = "Preview Assets.xcassets"; sourceTree = "<group>"; };
		DA2EB28D2A6F9DC7002D2619 /* UserInformation.swift */ = {isa = PBXFileReference; lastKnownFileType = sourcecode.swift; path = UserInformation.swift; sourceTree = "<group>"; };
		DA2EB28F2A6FA302002D2619 /* FriendList.swift */ = {isa = PBXFileReference; lastKnownFileType = sourcecode.swift; path = FriendList.swift; sourceTree = "<group>"; };
		DA2EB2912A6FA497002D2619 /* UserView.swift */ = {isa = PBXFileReference; lastKnownFileType = sourcecode.swift; path = UserView.swift; sourceTree = "<group>"; };
		DA2EB2942A6FA727002D2619 /* FriendFace.xcdatamodel */ = {isa = PBXFileReference; lastKnownFileType = wrapper.xcdatamodel; path = FriendFace.xcdatamodel; sourceTree = "<group>"; };
		DA2EB2962A6FA917002D2619 /* CachedFriend+CoreDataClass.swift */ = {isa = PBXFileReference; lastKnownFileType = sourcecode.swift; name = "CachedFriend+CoreDataClass.swift"; path = "FriendFace/CachedFriend+CoreDataClass.swift"; sourceTree = "<group>"; };
		DA2EB2972A6FA917002D2619 /* CachedFriend+CoreDataProperties.swift */ = {isa = PBXFileReference; lastKnownFileType = sourcecode.swift; name = "CachedFriend+CoreDataProperties.swift"; path = "FriendFace/CachedFriend+CoreDataProperties.swift"; sourceTree = "<group>"; };
		DA2EB2982A6FA917002D2619 /* CachedUser+CoreDataClass.swift */ = {isa = PBXFileReference; lastKnownFileType = sourcecode.swift; name = "CachedUser+CoreDataClass.swift"; path = "FriendFace/CachedUser+CoreDataClass.swift"; sourceTree = "<group>"; };
		DA2EB2992A6FA917002D2619 /* CachedUser+CoreDataProperties.swift */ = {isa = PBXFileReference; lastKnownFileType = sourcecode.swift; name = "CachedUser+CoreDataProperties.swift"; path = "FriendFace/CachedUser+CoreDataProperties.swift"; sourceTree = "<group>"; };
		DA2EB29E2A6FADDB002D2619 /* DataController.swift */ = {isa = PBXFileReference; lastKnownFileType = sourcecode.swift; path = DataController.swift; sourceTree = "<group>"; };
/* End PBXFileReference section */

/* Begin PBXFrameworksBuildPhase section */
		DA2EB2772A6F9C96002D2619 /* Frameworks */ = {
			isa = PBXFrameworksBuildPhase;
			buildActionMask = 2147483647;
			files = (
			);
			runOnlyForDeploymentPostprocessing = 0;
		};
/* End PBXFrameworksBuildPhase section */

/* Begin PBXGroup section */
		DA2EB2712A6F9C96002D2619 = {
			isa = PBXGroup;
			children = (
				DA2EB2962A6FA917002D2619 /* CachedFriend+CoreDataClass.swift */,
				DA2EB2972A6FA917002D2619 /* CachedFriend+CoreDataProperties.swift */,
				DA2EB2982A6FA917002D2619 /* CachedUser+CoreDataClass.swift */,
				DA2EB2992A6FA917002D2619 /* CachedUser+CoreDataProperties.swift */,
				DA2EB27C2A6F9C96002D2619 /* FriendFace */,
				DA2EB27B2A6F9C96002D2619 /* Products */,
			);
			sourceTree = "<group>";
		};
		DA2EB27B2A6F9C96002D2619 /* Products */ = {
			isa = PBXGroup;
			children = (
				DA2EB27A2A6F9C96002D2619 /* FriendFace.app */,
			);
			name = Products;
			sourceTree = "<group>";
		};
		DA2EB27C2A6F9C96002D2619 /* FriendFace */ = {
			isa = PBXGroup;
			children = (
				DA2EB27D2A6F9C96002D2619 /* FriendFaceApp.swift */,
				DA2EB27F2A6F9C96002D2619 /* ContentView.swift */,
				DA2EB29E2A6FADDB002D2619 /* DataController.swift */,
				DA2EB2932A6FA727002D2619 /* FriendFace.xcdatamodeld */,
				DA2EB2912A6FA497002D2619 /* UserView.swift */,
				DA2EB28F2A6FA302002D2619 /* FriendList.swift */,
				DA2EB28D2A6F9DC7002D2619 /* UserInformation.swift */,
				DA2EB2812A6F9C97002D2619 /* Assets.xcassets */,
				DA2EB2832A6F9C97002D2619 /* Preview Content */,
			);
			path = FriendFace;
			sourceTree = "<group>";
		};
		DA2EB2832A6F9C97002D2619 /* Preview Content */ = {
			isa = PBXGroup;
			children = (
				DA2EB2842A6F9C97002D2619 /* Preview Assets.xcassets */,
			);
			path = "Preview Content";
			sourceTree = "<group>";
		};
/* End PBXGroup section */

/* Begin PBXNativeTarget section */
		DA2EB2792A6F9C96002D2619 /* FriendFace */ = {
			isa = PBXNativeTarget;
			buildConfigurationList = DA2EB2882A6F9C97002D2619 /* Build configuration list for PBXNativeTarget "FriendFace" */;
			buildPhases = (
				DA2EB2762A6F9C96002D2619 /* Sources */,
				DA2EB2772A6F9C96002D2619 /* Frameworks */,
				DA2EB2782A6F9C96002D2619 /* Resources */,
			);
			buildRules = (
			);
			dependencies = (
			);
			name = FriendFace;
			productName = FriendFace;
			productReference = DA2EB27A2A6F9C96002D2619 /* FriendFace.app */;
			productType = "com.apple.product-type.application";
		};
/* End PBXNativeTarget section */

/* Begin PBXProject section */
		DA2EB2722A6F9C96002D2619 /* Project object */ = {
			isa = PBXProject;
			attributes = {
				BuildIndependentTargetsInParallel = 1;
				LastSwiftUpdateCheck = 1430;
				LastUpgradeCheck = 1430;
				TargetAttributes = {
					DA2EB2792A6F9C96002D2619 = {
						CreatedOnToolsVersion = 14.3.1;
					};
				};
			};
			buildConfigurationList = DA2EB2752A6F9C96002D2619 /* Build configuration list for PBXProject "FriendFace" */;
			compatibilityVersion = "Xcode 14.0";
			developmentRegion = en;
			hasScannedForEncodings = 0;
			knownRegions = (
				en,
				Base,
			);
			mainGroup = DA2EB2712A6F9C96002D2619;
			productRefGroup = DA2EB27B2A6F9C96002D2619 /* Products */;
			projectDirPath = "";
			projectRoot = "";
			targets = (
				DA2EB2792A6F9C96002D2619 /* FriendFace */,
			);
		};
/* End PBXProject section */

/* Begin PBXResourcesBuildPhase section */
		DA2EB2782A6F9C96002D2619 /* Resources */ = {
			isa = PBXResourcesBuildPhase;
			buildActionMask = 2147483647;
			files = (
				DA2EB2852A6F9C97002D2619 /* Preview Assets.xcassets in Resources */,
				DA2EB2822A6F9C97002D2619 /* Assets.xcassets in Resources */,
			);
			runOnlyForDeploymentPostprocessing = 0;
		};
/* End PBXResourcesBuildPhase section */

/* Begin PBXSourcesBuildPhase section */
		DA2EB2762A6F9C96002D2619 /* Sources */ = {
			isa = PBXSourcesBuildPhase;
			buildActionMask = 2147483647;
			files = (
				DA2EB2952A6FA727002D2619 /* FriendFace.xcdatamodeld in Sources */,
				DA2EB29A2A6FA917002D2619 /* CachedFriend+CoreDataClass.swift in Sources */,
				DA2EB29D2A6FA917002D2619 /* CachedUser+CoreDataProperties.swift in Sources */,
				DA2EB2802A6F9C96002D2619 /* ContentView.swift in Sources */,
				DA2EB29B2A6FA917002D2619 /* CachedFriend+CoreDataProperties.swift in Sources */,
				DA2EB29F2A6FADDB002D2619 /* DataController.swift in Sources */,
				DA2EB29C2A6FA917002D2619 /* CachedUser+CoreDataClass.swift in Sources */,
				DA2EB28E2A6F9DC7002D2619 /* UserInformation.swift in Sources */,
				DA2EB2922A6FA497002D2619 /* UserView.swift in Sources */,
				DA2EB27E2A6F9C96002D2619 /* FriendFaceApp.swift in Sources */,
				DA2EB2902A6FA302002D2619 /* FriendList.swift in Sources */,
			);
			runOnlyForDeploymentPostprocessing = 0;
		};
/* End PBXSourcesBuildPhase section */

/* Begin XCBuildConfiguration section */
		DA2EB2862A6F9C97002D2619 /* Debug */ = {
			isa = XCBuildConfiguration;
			buildSettings = {
				ALWAYS_SEARCH_USER_PATHS = NO;
				CLANG_ANALYZER_NONNULL = YES;
				CLANG_ANALYZER_NUMBER_OBJECT_CONVERSION = YES_AGGRESSIVE;
				CLANG_CXX_LANGUAGE_STANDARD = "gnu++20";
				CLANG_ENABLE_MODULES = YES;
				CLANG_ENABLE_OBJC_ARC = YES;
				CLANG_ENABLE_OBJC_WEAK = YES;
				CLANG_WARN_BLOCK_CAPTURE_AUTORELEASING = YES;
				CLANG_WARN_BOOL_CONVERSION = YES;
				CLANG_WARN_COMMA = YES;
				CLANG_WARN_CONSTANT_CONVERSION = YES;
				CLANG_WARN_DEPRECATED_OBJC_IMPLEMENTATIONS = YES;
				CLANG_WARN_DIRECT_OBJC_ISA_USAGE = YES_ERROR;
				CLANG_WARN_DOCUMENTATION_COMMENTS = YES;
				CLANG_WARN_EMPTY_BODY = YES;
				CLANG_WARN_ENUM_CONVERSION = YES;
				CLANG_WARN_INFINITE_RECURSION = YES;
				CLANG_WARN_INT_CONVERSION = YES;
				CLANG_WARN_NON_LITERAL_NULL_CONVERSION = YES;
				CLANG_WARN_OBJC_IMPLICIT_RETAIN_SELF = YES;
				CLANG_WARN_OBJC_LITERAL_CONVERSION = YES;
				CLANG_WARN_OBJC_ROOT_CLASS = YES_ERROR;
				CLANG_WARN_QUOTED_INCLUDE_IN_FRAMEWORK_HEADER = YES;
				CLANG_WARN_RANGE_LOOP_ANALYSIS = YES;
				CLANG_WARN_STRICT_PROTOTYPES = YES;
				CLANG_WARN_SUSPICIOUS_MOVE = YES;
				CLANG_WARN_UNGUARDED_AVAILABILITY = YES_AGGRESSIVE;
				CLANG_WARN_UNREACHABLE_CODE = YES;
				CLANG_WARN__DUPLICATE_METHOD_MATCH = YES;
				COPY_PHASE_STRIP = NO;
				DEBUG_INFORMATION_FORMAT = dwarf;
				ENABLE_STRICT_OBJC_MSGSEND = YES;
				ENABLE_TESTABILITY = YES;
				GCC_C_LANGUAGE_STANDARD = gnu11;
				GCC_DYNAMIC_NO_PIC = NO;
				GCC_NO_COMMON_BLOCKS = YES;
				GCC_OPTIMIZATION_LEVEL = 0;
				GCC_PREPROCESSOR_DEFINITIONS = (
					"DEBUG=1",
					"$(inherited)",
				);
				GCC_WARN_64_TO_32_BIT_CONVERSION = YES;
				GCC_WARN_ABOUT_RETURN_TYPE = YES_ERROR;
				GCC_WARN_UNDECLARED_SELECTOR = YES;
				GCC_WARN_UNINITIALIZED_AUTOS = YES_AGGRESSIVE;
				GCC_WARN_UNUSED_FUNCTION = YES;
				GCC_WARN_UNUSED_VARIABLE = YES;
				IPHONEOS_DEPLOYMENT_TARGET = 16.4;
				MTL_ENABLE_DEBUG_INFO = INCLUDE_SOURCE;
				MTL_FAST_MATH = YES;
				ONLY_ACTIVE_ARCH = YES;
				SDKROOT = iphoneos;
				SWIFT_ACTIVE_COMPILATION_CONDITIONS = DEBUG;
				SWIFT_OPTIMIZATION_LEVEL = "-Onone";
			};
			name = Debug;
		};
		DA2EB2872A6F9C97002D2619 /* Release */ = {
			isa = XCBuildConfiguration;
			buildSettings = {
				ALWAYS_SEARCH_USER_PATHS = NO;
				CLANG_ANALYZER_NONNULL = YES;
				CLANG_ANALYZER_NUMBER_OBJECT_CONVERSION = YES_AGGRESSIVE;
				CLANG_CXX_LANGUAGE_STANDARD = "gnu++20";
				CLANG_ENABLE_MODULES = YES;
				CLANG_ENABLE_OBJC_ARC = YES;
				CLANG_ENABLE_OBJC_WEAK = YES;
				CLANG_WARN_BLOCK_CAPTURE_AUTORELEASING = YES;
				CLANG_WARN_BOOL_CONVERSION = YES;
				CLANG_WARN_COMMA = YES;
				CLANG_WARN_CONSTANT_CONVERSION = YES;
				CLANG_WARN_DEPRECATED_OBJC_IMPLEMENTATIONS = YES;
				CLANG_WARN_DIRECT_OBJC_ISA_USAGE = YES_ERROR;
				CLANG_WARN_DOCUMENTATION_COMMENTS = YES;
				CLANG_WARN_EMPTY_BODY = YES;
				CLANG_WARN_ENUM_CONVERSION = YES;
				CLANG_WARN_INFINITE_RECURSION = YES;
				CLANG_WARN_INT_CONVERSION = YES;
				CLANG_WARN_NON_LITERAL_NULL_CONVERSION = YES;
				CLANG_WARN_OBJC_IMPLICIT_RETAIN_SELF = YES;
				CLANG_WARN_OBJC_LITERAL_CONVERSION = YES;
				CLANG_WARN_OBJC_ROOT_CLASS = YES_ERROR;
				CLANG_WARN_QUOTED_INCLUDE_IN_FRAMEWORK_HEADER = YES;
				CLANG_WARN_RANGE_LOOP_ANALYSIS = YES;
				CLANG_WARN_STRICT_PROTOTYPES = YES;
				CLANG_WARN_SUSPICIOUS_MOVE = YES;
				CLANG_WARN_UNGUARDED_AVAILABILITY = YES_AGGRESSIVE;
				CLANG_WARN_UNREACHABLE_CODE = YES;
				CLANG_WARN__DUPLICATE_METHOD_MATCH = YES;
				COPY_PHASE_STRIP = NO;
				DEBUG_INFORMATION_FORMAT = "dwarf-with-dsym";
				ENABLE_NS_ASSERTIONS = NO;
				ENABLE_STRICT_OBJC_MSGSEND = YES;
				GCC_C_LANGUAGE_STANDARD = gnu11;
				GCC_NO_COMMON_BLOCKS = YES;
				GCC_WARN_64_TO_32_BIT_CONVERSION = YES;
				GCC_WARN_ABOUT_RETURN_TYPE = YES_ERROR;
				GCC_WARN_UNDECLARED_SELECTOR = YES;
				GCC_WARN_UNINITIALIZED_AUTOS = YES_AGGRESSIVE;
				GCC_WARN_UNUSED_FUNCTION = YES;
				GCC_WARN_UNUSED_VARIABLE = YES;
				IPHONEOS_DEPLOYMENT_TARGET = 16.4;
				MTL_ENABLE_DEBUG_INFO = NO;
				MTL_FAST_MATH = YES;
				SDKROOT = iphoneos;
				SWIFT_COMPILATION_MODE = wholemodule;
				SWIFT_OPTIMIZATION_LEVEL = "-O";
				VALIDATE_PRODUCT = YES;
			};
			name = Release;
		};
		DA2EB2892A6F9C97002D2619 /* Debug */ = {
			isa = XCBuildConfiguration;
			buildSettings = {
				ASSETCATALOG_COMPILER_APPICON_NAME = AppIcon;
				ASSETCATALOG_COMPILER_GLOBAL_ACCENT_COLOR_NAME = AccentColor;
				CODE_SIGN_STYLE = Automatic;
				CURRENT_PROJECT_VERSION = 1;
				DEVELOPMENT_ASSET_PATHS = "\"FriendFace/Preview Content\"";
				DEVELOPMENT_TEAM = FC3RG2JLGW;
				ENABLE_PREVIEWS = YES;
				GENERATE_INFOPLIST_FILE = YES;
				INFOPLIST_KEY_UIApplicationSceneManifest_Generation = YES;
				INFOPLIST_KEY_UIApplicationSupportsIndirectInputEvents = YES;
				INFOPLIST_KEY_UILaunchScreen_Generation = YES;
				INFOPLIST_KEY_UISupportedInterfaceOrientations_iPad = "UIInterfaceOrientationPortrait UIInterfaceOrientationPortraitUpsideDown UIInterfaceOrientationLandscapeLeft UIInterfaceOrientationLandscapeRight";
				INFOPLIST_KEY_UISupportedInterfaceOrientations_iPhone = "UIInterfaceOrientationPortrait UIInterfaceOrientationLandscapeLeft UIInterfaceOrientationLandscapeRight";
				LD_RUNPATH_SEARCH_PATHS = (
					"$(inherited)",
					"@executable_path/Frameworks",
				);
				MARKETING_VERSION = 1.0;
				PRODUCT_BUNDLE_IDENTIFIER = steroidbrothers.FriendFace;
				PRODUCT_NAME = "$(TARGET_NAME)";
				SWIFT_EMIT_LOC_STRINGS = YES;
				SWIFT_VERSION = 5.0;
				TARGETED_DEVICE_FAMILY = "1,2";
			};
			name = Debug;
		};
		DA2EB28A2A6F9C97002D2619 /* Release */ = {
			isa = XCBuildConfiguration;
			buildSettings = {
				ASSETCATALOG_COMPILER_APPICON_NAME = AppIcon;
				ASSETCATALOG_COMPILER_GLOBAL_ACCENT_COLOR_NAME = AccentColor;
				CODE_SIGN_STYLE = Automatic;
				CURRENT_PROJECT_VERSION = 1;
				DEVELOPMENT_ASSET_PATHS = "\"FriendFace/Preview Content\"";
				DEVELOPMENT_TEAM = FC3RG2JLGW;
				ENABLE_PREVIEWS = YES;
				GENERATE_INFOPLIST_FILE = YES;
				INFOPLIST_KEY_UIApplicationSceneManifest_Generation = YES;
				INFOPLIST_KEY_UIApplicationSupportsIndirectInputEvents = YES;
				INFOPLIST_KEY_UILaunchScreen_Generation = YES;
				INFOPLIST_KEY_UISupportedInterfaceOrientations_iPad = "UIInterfaceOrientationPortrait UIInterfaceOrientationPortraitUpsideDown UIInterfaceOrientationLandscapeLeft UIInterfaceOrientationLandscapeRight";
				INFOPLIST_KEY_UISupportedInterfaceOrientations_iPhone = "UIInterfaceOrientationPortrait UIInterfaceOrientationLandscapeLeft UIInterfaceOrientationLandscapeRight";
				LD_RUNPATH_SEARCH_PATHS = (
					"$(inherited)",
					"@executable_path/Frameworks",
				);
				MARKETING_VERSION = 1.0;
				PRODUCT_BUNDLE_IDENTIFIER = steroidbrothers.FriendFace;
				PRODUCT_NAME = "$(TARGET_NAME)";
				SWIFT_EMIT_LOC_STRINGS = YES;
				SWIFT_VERSION = 5.0;
				TARGETED_DEVICE_FAMILY = "1,2";
			};
			name = Release;
		};
/* End XCBuildConfiguration section */

/* Begin XCConfigurationList section */
		DA2EB2752A6F9C96002D2619 /* Build configuration list for PBXProject "FriendFace" */ = {
			isa = XCConfigurationList;
			buildConfigurations = (
				DA2EB2862A6F9C97002D2619 /* Debug */,
				DA2EB2872A6F9C97002D2619 /* Release */,
			);
			defaultConfigurationIsVisible = 0;
			defaultConfigurationName = Release;
		};
		DA2EB2882A6F9C97002D2619 /* Build configuration list for PBXNativeTarget "FriendFace" */ = {
			isa = XCConfigurationList;
			buildConfigurations = (
				DA2EB2892A6F9C97002D2619 /* Debug */,
				DA2EB28A2A6F9C97002D2619 /* Release */,
			);
			defaultConfigurationIsVisible = 0;
			defaultConfigurationName = Release;
		};
/* End XCConfigurationList section */

/* Begin XCVersionGroup section */
		DA2EB2932A6FA727002D2619 /* FriendFace.xcdatamodeld */ = {
			isa = XCVersionGroup;
			children = (
				DA2EB2942A6FA727002D2619 /* FriendFace.xcdatamodel */,
			);
			currentVersion = DA2EB2942A6FA727002D2619 /* FriendFace.xcdatamodel */;
			path = FriendFace.xcdatamodeld;
			sourceTree = "<group>";
			versionGroupType = wrapper.xcdatamodel;
		};
/* End XCVersionGroup section */
	};
	rootObject = DA2EB2722A6F9C96002D2619 /* Project object */;
}
